
Microsoft Visual Studio Solution File, Format Version 12.00
# Visual Studio Version 17
VisualStudioVersion = 17.0.31717.71
MinimumVisualStudioVersion = 10.0.40219.1
Project("{9A19103F-16F7-4668-BE54-9A1E7A4F7556}") = "pweb", "pweb.csproj", "{6B003C43-5BFA-4B09-91C3-644085F484BA}"
EndProject
Global
	GlobalSection(SolutionConfigurationPlatforms) = preSolution
		Debug|Any CPU = Debug|Any CPU
		Release|Any CPU = Release|Any CPU
	EndGlobalSection
	GlobalSection(ProjectConfigurationPlatforms) = postSolution
		{6B003C43-5BFA-4B09-91C3-644085F484BA}.Debug|Any CPU.ActiveCfg = Debug|Any CPU
		{6B003C43-5BFA-4B09-91C3-644085F484BA}.Debug|Any CPU.Build.0 = Debug|Any CPU
		{6B003C43-5BFA-4B09-91C3-644085F484BA}.Release|Any CPU.ActiveCfg = Release|Any CPU
		{6B003C43-5BFA-4B09-91C3-644085F484BA}.Release|Any CPU.Build.0 = Release|Any CPU
	EndGlobalSection
	GlobalSection(SolutionProperties) = preSolution
		HideSolutionNode = FALSE
	EndGlobalSection
	GlobalSection(ExtensibilityGlobals) = postSolution
		SolutionGuid = {A674C975-5D6A-4AAA-872E-3D25E82A4C1C}
	EndGlobalSection
EndGlobal